github.com/hashicorp/consul v1.13.2 h1:BmRh4xOtoqPtF7UE6pqE6DBptRD4drKbhSgqDBZY1QI=
github.com/hashicorp/consul v1.13.2/go.mod h1:ZXMTBZSY9Q6qDfkvn6PE538cD4IU35QeWwP1bMw3wlE=
github.com/hashicorp/consul v1.13.3 h1:MA2Z5pcJUvVmgi03L+GxmvMZSVGo2iB4D/jKOvr88Dc=
github.com/hashicorp/consul v1.13.3/go.mod h1:Ib9ve9R7BeXZlRM83eS46QogsP9deALURLCrUjREqRM=
